
Microsoft Visual Studio Solution File, Format Version 12.00
# Visual Studio Version 17
VisualStudioVersion = 17.6.33829.357
MinimumVisualStudioVersion = 10.0.40219.1
Project("{FAE04EC0-301F-11D3-BF4B-00C04F79EFBC}") = "Match3", "Match3\Match3.csproj", "{3219E9B6-44BB-4ED3-9D8A-893C607EC9E5}"
EndProject
Global
	GlobalSection(SolutionConfigurationPlatforms) = preSolution
		Debug|Any CPU = Debug|Any CPU
		Release|Any CPU = Release|Any CPU
	EndGlobalSection
	GlobalSection(ProjectConfigurationPlatforms) = postSolution
		{3219E9B6-44BB-4ED3-9D8A-893C607EC9E5}.Debug|Any CPU.ActiveCfg = Debug|Any CPU
		{3219E9B6-44BB-4ED3-9D8A-893C607EC9E5}.Debug|Any CPU.Build.0 = Debug|Any CPU
		{3219E9B6-44BB-4ED3-9D8A-893C607EC9E5}.Release|Any CPU.ActiveCfg = Release|Any CPU
		{3219E9B6-44BB-4ED3-9D8A-893C607EC9E5}.Release|Any CPU.Build.0 = Release|Any CPU
	EndGlobalSection
	GlobalSection(SolutionProperties) = preSolution
		HideSolutionNode = FALSE
	EndGlobalSection
	GlobalSection(ExtensibilityGlobals) = postSolution
		SolutionGuid = {E85F403A-4C18-4E28-9AB6-38549D5196CE}
	EndGlobalSection
EndGlobal
